// !$*UTF8*$!
{
	archiveVersion = 1;
	classes = {
	};
	objectVersion = 54;
	objects = {

/* Begin PBXBuildFile section */
		1B0E3CF726058CBC00FBAAC0 /* MyARView.swift in Sources */ = {isa = PBXBuildFile; fileRef = 1B0E3CF626058CBC00FBAAC0 /* MyARView.swift */; };
		1B5CB9AB25B35A810009CC59 /* XLightsToolsApp.swift in Sources */ = {isa = PBXBuildFile; fileRef = 1B5CB9AA25B35A810009CC59 /* XLightsToolsApp.swift */; };
		1B5CB9AF25B35A870009CC59 /* Assets.xcassets in Resources */ = {isa = PBXBuildFile; fileRef = 1B5CB9AE25B35A870009CC59 /* Assets.xcassets */; };
		1B5CB9B225B35A870009CC59 /* Preview Assets.xcassets in Resources */ = {isa = PBXBuildFile; fileRef = 1B5CB9B125B35A870009CC59 /* Preview Assets.xcassets */; };
		1B62573725CE0B09003528FD /* PowerCalculator.swift in Sources */ = {isa = PBXBuildFile; fileRef = 1B62573625CE0B09003528FD /* PowerCalculator.swift */; };
		1B7F2CE625CA6A770005813E /* TreeLightsCalculator.swift in Sources */ = {isa = PBXBuildFile; fileRef = 1B7F2CE525CA6A770005813E /* TreeLightsCalculator.swift */; };
		1B7F2CE925CA6A8F0005813E /* PropOrganizer.swift in Sources */ = {isa = PBXBuildFile; fileRef = 1B7F2CE825CA6A8F0005813E /* PropOrganizer.swift */; };
		1B89581425FC16410090FDED /* RelatedWebsite.swift in Sources */ = {isa = PBXBuildFile; fileRef = 1B89581325FC16410090FDED /* RelatedWebsite.swift */; };
		1B89581725FC16CE0090FDED /* PropModel.swift in Sources */ = {isa = PBXBuildFile; fileRef = 1B89581625FC16CE0090FDED /* PropModel.swift */; };
		1BC2702825C668560034761E /* HomeView.swift in Sources */ = {isa = PBXBuildFile; fileRef = 1BC2702725C668560034761E /* HomeView.swift */; };
		1BC2702B25C668650034761E /* SearchView.swift in Sources */ = {isa = PBXBuildFile; fileRef = 1BC2702A25C668650034761E /* SearchView.swift */; };
		1BC2702E25C6687C0034761E /* ARPropsBrowser.swift in Sources */ = {isa = PBXBuildFile; fileRef = 1BC2702D25C6687C0034761E /* ARPropsBrowser.swift */; };
		1BC2703125C668910034761E /* ToolsView.swift in Sources */ = {isa = PBXBuildFile; fileRef = 1BC2703025C668910034761E /* ToolsView.swift */; };
		1BD7C4B02622BADB00D97D95 /* Settings.bundle in Resources */ = {isa = PBXBuildFile; fileRef = 1BD7C4AF2622BADB00D97D95 /* Settings.bundle */; };
		1BF80FAC25E5EA9D00EB41CD /* ARPropView.swift in Sources */ = {isa = PBXBuildFile; fileRef = 1BF80FAB25E5EA9D00EB41CD /* ARPropView.swift */; };
		1BF80FAF25E75BF200EB41CD /* DoubleInputRow.swift in Sources */ = {isa = PBXBuildFile; fileRef = 1BF80FAE25E75BF200EB41CD /* DoubleInputRow.swift */; };
		1BF80FB225E75C1E00EB41CD /* IntegerInputRow.swift in Sources */ = {isa = PBXBuildFile; fileRef = 1BF80FB125E75C1E00EB41CD /* IntegerInputRow.swift */; };
		1BFEEB172627706400F13CB8 /* HomeFeatureView.swift in Sources */ = {isa = PBXBuildFile; fileRef = 1BFEEB162627706400F13CB8 /* HomeFeatureView.swift */; };
		1BFEEB3A262A6C1400F13CB8 /* Square Border.usdz in Resources */ = {isa = PBXBuildFile; fileRef = 1BFEEB2D262A6C1300F13CB8 /* Square Border.usdz */; };
		1BFEEB3B262A6C1400F13CB8 /* Mini Tree.usdz in Resources */ = {isa = PBXBuildFile; fileRef = 1BFEEB2E262A6C1300F13CB8 /* Mini Tree.usdz */; };
		1BFEEB3C262A6C1400F13CB8 /* Sphere.usdz in Resources */ = {isa = PBXBuildFile; fileRef = 1BFEEB2F262A6C1300F13CB8 /* Sphere.usdz */; };
		1BFEEB3D262A6C1400F13CB8 /* Star.usdz in Resources */ = {isa = PBXBuildFile; fileRef = 1BFEEB30262A6C1300F13CB8 /* Star.usdz */; };
		1BFEEB3E262A6C1400F13CB8 /* Pipe.usdz in Resources */ = {isa = PBXBuildFile; fileRef = 1BFEEB31262A6C1400F13CB8 /* Pipe.usdz */; };
		1BFEEB3F262A6C1400F13CB8 /* Matrix.usdz in Resources */ = {isa = PBXBuildFile; fileRef = 1BFEEB32262A6C1400F13CB8 /* Matrix.usdz */; };
		1BFEEB40262A6C1400F13CB8 /* Present.usdz in Resources */ = {isa = PBXBuildFile; fileRef = 1BFEEB33262A6C1400F13CB8 /* Present.usdz */; };
		1BFEEB41262A6C1400F13CB8 /* Mega Tree.usdz in Resources */ = {isa = PBXBuildFile; fileRef = 1BFEEB34262A6C1400F13CB8 /* Mega Tree.usdz */; };
		1BFEEB42262A6C1400F13CB8 /* Spiral Tree.usdz in Resources */ = {isa = PBXBuildFile; fileRef = 1BFEEB35262A6C1400F13CB8 /* Spiral Tree.usdz */; };
		1BFEEB43262A6C1400F13CB8 /* Candy Cane.usdz in Resources */ = {isa = PBXBuildFile; fileRef = 1BFEEB36262A6C1400F13CB8 /* Candy Cane.usdz */; };
		1BFEEB44262A6C1400F13CB8 /* Arch.usdz in Resources */ = {isa = PBXBuildFile; fileRef = 1BFEEB37262A6C1400F13CB8 /* Arch.usdz */; };
		1BFEEB45262A6C1400F13CB8 /* Snow Flake.usdz in Resources */ = {isa = PBXBuildFile; fileRef = 1BFEEB38262A6C1400F13CB8 /* Snow Flake.usdz */; };
		1BFEEB46262A6C1400F13CB8 /* Circle Border.usdz in Resources */ = {isa = PBXBuildFile; fileRef = 1BFEEB39262A6C1400F13CB8 /* Circle Border.usdz */; };
		E10827A0262A35E100BB9D82 /* PropCell.swift in Sources */ = {isa = PBXBuildFile; fileRef = E108279F262A35E100BB9D82 /* PropCell.swift */; };
		E10827A5262A3CED00BB9D82 /* OutletDataSource.swift in Sources */ = {isa = PBXBuildFile; fileRef = E10827A4262A3CED00BB9D82 /* OutletDataSource.swift */; };
		E10B3D29260142C9000CD525 /* PropEditView.swift in Sources */ = {isa = PBXBuildFile; fileRef = E10B3D28260142C9000CD525 /* PropEditView.swift */; };
		E1534EA726013A00004E63C6 /* Port.swift in Sources */ = {isa = PBXBuildFile; fileRef = E1534EA626013A00004E63C6 /* Port.swift */; };
		E1534EAA26013B2C004E63C6 /* OrganizerProp.swift in Sources */ = {isa = PBXBuildFile; fileRef = E1534EA926013B2C004E63C6 /* OrganizerProp.swift */; };
		E1F3355825EEB7B500B64478 /* MixedLengthResultRow.swift in Sources */ = {isa = PBXBuildFile; fileRef = E1F3355725EEB7B500B64478 /* MixedLengthResultRow.swift */; };
		E1F3355E25F148E600B64478 /* ResultRow.swift in Sources */ = {isa = PBXBuildFile; fileRef = E1F3355D25F148E600B64478 /* ResultRow.swift */; };
		E1FE76A02635E8D7002BD3CA /* xLightsTests.swift in Sources */ = {isa = PBXBuildFile; fileRef = E1FE769F2635E8D7002BD3CA /* xLightsTests.swift */; };
/* End PBXBuildFile section */

/* Begin PBXContainerItemProxy section */
		E1FE76982635E80E002BD3CA /* PBXContainerItemProxy */ = {
			isa = PBXContainerItemProxy;
			containerPortal = 1B5CB99F25B35A810009CC59 /* Project object */;
			proxyType = 1;
			remoteGlobalIDString = 1B5CB9A625B35A810009CC59;
			remoteInfo = "xLights Tools";
		};
/* End PBXContainerItemProxy section */

/* Begin PBXFileReference section */
		1B0E3CF626058CBC00FBAAC0 /* MyARView.swift */ = {isa = PBXFileReference; fileEncoding = 4; lastKnownFileType = sourcecode.swift; path = MyARView.swift; sourceTree = "<group>"; };
		1B5CB9A725B35A810009CC59 /* xLights Tools.app */ = {isa = PBXFileReference; explicitFileType = wrapper.application; includeInIndex = 0; path = "xLights Tools.app"; sourceTree = BUILT_PRODUCTS_DIR; };
		1B5CB9AA25B35A810009CC59 /* XLightsToolsApp.swift */ = {isa = PBXFileReference; lastKnownFileType = sourcecode.swift; path = XLightsToolsApp.swift; sourceTree = "<group>"; };
		1B5CB9AE25B35A870009CC59 /* Assets.xcassets */ = {isa = PBXFileReference; lastKnownFileType = folder.assetcatalog; path = Assets.xcassets; sourceTree = "<group>"; };
		1B5CB9B125B35A870009CC59 /* Preview Assets.xcassets */ = {isa = PBXFileReference; lastKnownFileType = folder.assetcatalog; path = "Preview Assets.xcassets"; sourceTree = "<group>"; };
		1B5CB9B325B35A870009CC59 /* Info.plist */ = {isa = PBXFileReference; lastKnownFileType = text.plist.xml; path = Info.plist; sourceTree = "<group>"; };
		1B62573625CE0B09003528FD /* PowerCalculator.swift */ = {isa = PBXFileReference; lastKnownFileType = sourcecode.swift; path = PowerCalculator.swift; sourceTree = "<group>"; };
		1B7F2CE525CA6A770005813E /* TreeLightsCalculator.swift */ = {isa = PBXFileReference; lastKnownFileType = sourcecode.swift; path = TreeLightsCalculator.swift; sourceTree = "<group>"; };
		1B7F2CE825CA6A8F0005813E /* PropOrganizer.swift */ = {isa = PBXFileReference; lastKnownFileType = sourcecode.swift; path = PropOrganizer.swift; sourceTree = "<group>"; };
		1B89581325FC16410090FDED /* RelatedWebsite.swift */ = {isa = PBXFileReference; lastKnownFileType = sourcecode.swift; path = RelatedWebsite.swift; sourceTree = "<group>"; };
		1B89581625FC16CE0090FDED /* PropModel.swift */ = {isa = PBXFileReference; lastKnownFileType = sourcecode.swift; path = PropModel.swift; sourceTree = "<group>"; };
		1BC2702725C668560034761E /* HomeView.swift */ = {isa = PBXFileReference; lastKnownFileType = sourcecode.swift; path = HomeView.swift; sourceTree = "<group>"; };
		1BC2702A25C668650034761E /* SearchView.swift */ = {isa = PBXFileReference; lastKnownFileType = sourcecode.swift; path = SearchView.swift; sourceTree = "<group>"; };
		1BC2702D25C6687C0034761E /* ARPropsBrowser.swift */ = {isa = PBXFileReference; lastKnownFileType = sourcecode.swift; path = ARPropsBrowser.swift; sourceTree = "<group>"; };
		1BC2703025C668910034761E /* ToolsView.swift */ = {isa = PBXFileReference; lastKnownFileType = sourcecode.swift; path = ToolsView.swift; sourceTree = "<group>"; };
		1BD7C4AF2622BADB00D97D95 /* Settings.bundle */ = {isa = PBXFileReference; lastKnownFileType = "wrapper.plug-in"; path = Settings.bundle; sourceTree = "<group>"; };
		1BF80FAB25E5EA9D00EB41CD /* ARPropView.swift */ = {isa = PBXFileReference; lastKnownFileType = sourcecode.swift; path = ARPropView.swift; sourceTree = "<group>"; };
		1BF80FAE25E75BF200EB41CD /* DoubleInputRow.swift */ = {isa = PBXFileReference; lastKnownFileType = sourcecode.swift; path = DoubleInputRow.swift; sourceTree = "<group>"; };
		1BF80FB125E75C1E00EB41CD /* IntegerInputRow.swift */ = {isa = PBXFileReference; lastKnownFileType = sourcecode.swift; path = IntegerInputRow.swift; sourceTree = "<group>"; };
		1BFEEB162627706400F13CB8 /* HomeFeatureView.swift */ = {isa = PBXFileReference; lastKnownFileType = sourcecode.swift; path = HomeFeatureView.swift; sourceTree = "<group>"; };
		1BFEEB252628DECD00F13CB8 /* xLights Tools.entitlements */ = {isa = PBXFileReference; lastKnownFileType = text.plist.entitlements; path = "xLights Tools.entitlements"; sourceTree = "<group>"; };
		1BFEEB2D262A6C1300F13CB8 /* Square Border.usdz */ = {isa = PBXFileReference; lastKnownFileType = file.usdz; path = "Square Border.usdz"; sourceTree = "<group>"; };
		1BFEEB2E262A6C1300F13CB8 /* Mini Tree.usdz */ = {isa = PBXFileReference; lastKnownFileType = file.usdz; path = "Mini Tree.usdz"; sourceTree = "<group>"; };
		1BFEEB2F262A6C1300F13CB8 /* Sphere.usdz */ = {isa = PBXFileReference; lastKnownFileType = file.usdz; path = Sphere.usdz; sourceTree = "<group>"; };
		1BFEEB30262A6C1300F13CB8 /* Star.usdz */ = {isa = PBXFileReference; lastKnownFileType = file.usdz; path = Star.usdz; sourceTree = "<group>"; };
		1BFEEB31262A6C1400F13CB8 /* Pipe.usdz */ = {isa = PBXFileReference; lastKnownFileType = file.usdz; path = Pipe.usdz; sourceTree = "<group>"; };
		1BFEEB32262A6C1400F13CB8 /* Matrix.usdz */ = {isa = PBXFileReference; lastKnownFileType = file.usdz; path = Matrix.usdz; sourceTree = "<group>"; };
		1BFEEB33262A6C1400F13CB8 /* Present.usdz */ = {isa = PBXFileReference; lastKnownFileType = file.usdz; path = Present.usdz; sourceTree = "<group>"; };
		1BFEEB34262A6C1400F13CB8 /* Mega Tree.usdz */ = {isa = PBXFileReference; lastKnownFileType = file.usdz; path = "Mega Tree.usdz"; sourceTree = "<group>"; };
		1BFEEB35262A6C1400F13CB8 /* Spiral Tree.usdz */ = {isa = PBXFileReference; lastKnownFileType = file.usdz; path = "Spiral Tree.usdz"; sourceTree = "<group>"; };
		1BFEEB36262A6C1400F13CB8 /* Candy Cane.usdz */ = {isa = PBXFileReference; lastKnownFileType = file.usdz; path = "Candy Cane.usdz"; sourceTree = "<group>"; };
		1BFEEB37262A6C1400F13CB8 /* Arch.usdz */ = {isa = PBXFileReference; lastKnownFileType = file.usdz; path = Arch.usdz; sourceTree = "<group>"; };
		1BFEEB38262A6C1400F13CB8 /* Snow Flake.usdz */ = {isa = PBXFileReference; lastKnownFileType = file.usdz; path = "Snow Flake.usdz"; sourceTree = "<group>"; };
		1BFEEB39262A6C1400F13CB8 /* Circle Border.usdz */ = {isa = PBXFileReference; lastKnownFileType = file.usdz; path = "Circle Border.usdz"; sourceTree = "<group>"; };
		E108279F262A35E100BB9D82 /* PropCell.swift */ = {isa = PBXFileReference; lastKnownFileType = sourcecode.swift; path = PropCell.swift; sourceTree = "<group>"; };
		E10827A4262A3CED00BB9D82 /* OutletDataSource.swift */ = {isa = PBXFileReference; lastKnownFileType = sourcecode.swift; path = OutletDataSource.swift; sourceTree = "<group>"; };
		E10B3D28260142C9000CD525 /* PropEditView.swift */ = {isa = PBXFileReference; lastKnownFileType = sourcecode.swift; path = PropEditView.swift; sourceTree = "<group>"; };
		E1534EA626013A00004E63C6 /* Port.swift */ = {isa = PBXFileReference; lastKnownFileType = sourcecode.swift; path = Port.swift; sourceTree = "<group>"; };
		E1534EA926013B2C004E63C6 /* OrganizerProp.swift */ = {isa = PBXFileReference; lastKnownFileType = sourcecode.swift; path = OrganizerProp.swift; sourceTree = "<group>"; };
		E1F3355725EEB7B500B64478 /* MixedLengthResultRow.swift */ = {isa = PBXFileReference; lastKnownFileType = sourcecode.swift; path = MixedLengthResultRow.swift; sourceTree = "<group>"; };
		E1F3355D25F148E600B64478 /* ResultRow.swift */ = {isa = PBXFileReference; lastKnownFileType = sourcecode.swift; path = ResultRow.swift; sourceTree = "<group>"; };
		E1FE76932635E80E002BD3CA /* xLightsToolsTests.xctest */ = {isa = PBXFileReference; explicitFileType = wrapper.cfbundle; includeInIndex = 0; path = xLightsToolsTests.xctest; sourceTree = BUILT_PRODUCTS_DIR; };
		E1FE76972635E80E002BD3CA /* Info.plist */ = {isa = PBXFileReference; lastKnownFileType = text.plist.xml; path = Info.plist; sourceTree = "<group>"; };
		E1FE769F2635E8D7002BD3CA /* xLightsTests.swift */ = {isa = PBXFileReference; lastKnownFileType = sourcecode.swift; path = xLightsTests.swift; sourceTree = "<group>"; };
/* End PBXFileReference section */

/* Begin PBXFrameworksBuildPhase section */
		1B5CB9A425B35A810009CC59 /* Frameworks */ = {
			isa = PBXFrameworksBuildPhase;
			buildActionMask = 2147483647;
			files = (
			);
			runOnlyForDeploymentPostprocessing = 0;
		};
		E1FE76902635E80E002BD3CA /* Frameworks */ = {
			isa = PBXFrameworksBuildPhase;
			buildActionMask = 2147483647;
			files = (
			);
			runOnlyForDeploymentPostprocessing = 0;
		};
/* End PBXFrameworksBuildPhase section */

/* Begin PBXGroup section */
		1B5CB99E25B35A810009CC59 = {
			isa = PBXGroup;
			children = (
				1BD7C4AF2622BADB00D97D95 /* Settings.bundle */,
				1B5CB9A925B35A810009CC59 /* xLights Tools */,
				E1FE76942635E80E002BD3CA /* xLightsToolsTests */,
				1B5CB9A825B35A810009CC59 /* Products */,
			);
			sourceTree = "<group>";
		};
		1B5CB9A825B35A810009CC59 /* Products */ = {
			isa = PBXGroup;
			children = (
				1B5CB9A725B35A810009CC59 /* xLights Tools.app */,
				E1FE76932635E80E002BD3CA /* xLightsToolsTests.xctest */,
			);
			name = Products;
			sourceTree = "<group>";
		};
		1B5CB9A925B35A810009CC59 /* xLights Tools */ = {
			isa = PBXGroup;
			children = (
				1BFEEB252628DECD00F13CB8 /* xLights Tools.entitlements */,
				1B5CB9AA25B35A810009CC59 /* XLightsToolsApp.swift */,
				1BC2702725C668560034761E /* HomeView.swift */,
				1BFEEB162627706400F13CB8 /* HomeFeatureView.swift */,
				1BF80FAB25E5EA9D00EB41CD /* ARPropView.swift */,
				1B0E3CF626058CBC00FBAAC0 /* MyARView.swift */,
				1BC2702D25C6687C0034761E /* ARPropsBrowser.swift */,
				1BC2703025C668910034761E /* ToolsView.swift */,
				1B62573625CE0B09003528FD /* PowerCalculator.swift */,
				1B7F2CE525CA6A770005813E /* TreeLightsCalculator.swift */,
				1BF80FAE25E75BF200EB41CD /* DoubleInputRow.swift */,
				1BF80FB125E75C1E00EB41CD /* IntegerInputRow.swift */,
				E1F3355D25F148E600B64478 /* ResultRow.swift */,
				E1F3355725EEB7B500B64478 /* MixedLengthResultRow.swift */,
				1B7F2CE825CA6A8F0005813E /* PropOrganizer.swift */,
				E108279F262A35E100BB9D82 /* PropCell.swift */,
				E10B3D28260142C9000CD525 /* PropEditView.swift */,
				1BC2702A25C668650034761E /* SearchView.swift */,
				1B89581925FC16FC0090FDED /* Models */,
				1BA985B126213EC00047CD41 /* 3D Models */,
				1B5CB9AE25B35A870009CC59 /* Assets.xcassets */,
				1B5CB9B325B35A870009CC59 /* Info.plist */,
				1B5CB9B025B35A870009CC59 /* Preview Content */,
			);
			path = "xLights Tools";
			sourceTree = "<group>";
		};
		1B5CB9B025B35A870009CC59 /* Preview Content */ = {
			isa = PBXGroup;
			children = (
				1B5CB9B125B35A870009CC59 /* Preview Assets.xcassets */,
			);
			path = "Preview Content";
			sourceTree = "<group>";
		};
		1B89581925FC16FC0090FDED /* Models */ = {
			isa = PBXGroup;
			children = (
				1B89581325FC16410090FDED /* RelatedWebsite.swift */,
				1B89581625FC16CE0090FDED /* PropModel.swift */,
				E10827A4262A3CED00BB9D82 /* OutletDataSource.swift */,
				E1534EA626013A00004E63C6 /* Port.swift */,
				E1534EA926013B2C004E63C6 /* OrganizerProp.swift */,
			);
			path = Models;
			sourceTree = "<group>";
		};
		1BA985B126213EC00047CD41 /* 3D Models */ = {
			isa = PBXGroup;
			children = (
				1BFEEB37262A6C1400F13CB8 /* Arch.usdz */,
				1BFEEB36262A6C1400F13CB8 /* Candy Cane.usdz */,
				1BFEEB39262A6C1400F13CB8 /* Circle Border.usdz */,
				1BFEEB32262A6C1400F13CB8 /* Matrix.usdz */,
				1BFEEB34262A6C1400F13CB8 /* Mega Tree.usdz */,
				1BFEEB2E262A6C1300F13CB8 /* Mini Tree.usdz */,
				1BFEEB31262A6C1400F13CB8 /* Pipe.usdz */,
				1BFEEB33262A6C1400F13CB8 /* Present.usdz */,
				1BFEEB38262A6C1400F13CB8 /* Snow Flake.usdz */,
				1BFEEB2F262A6C1300F13CB8 /* Sphere.usdz */,
				1BFEEB35262A6C1400F13CB8 /* Spiral Tree.usdz */,
				1BFEEB2D262A6C1300F13CB8 /* Square Border.usdz */,
				1BFEEB30262A6C1300F13CB8 /* Star.usdz */,
			);
			path = "3D Models";
			sourceTree = "<group>";
		};
		E1FE76942635E80E002BD3CA /* xLightsToolsTests */ = {
			isa = PBXGroup;
			children = (
				E1FE769F2635E8D7002BD3CA /* xLightsTests.swift */,
				E1FE76972635E80E002BD3CA /* Info.plist */,
			);
			path = xLightsToolsTests;
			sourceTree = "<group>";
		};
/* End PBXGroup section */

/* Begin PBXNativeTarget section */
		1B5CB9A625B35A810009CC59 /* xLights Tools */ = {
			isa = PBXNativeTarget;
			buildConfigurationList = 1B5CB9B625B35A870009CC59 /* Build configuration list for PBXNativeTarget "xLights Tools" */;
			buildPhases = (
				1B5CB9A325B35A810009CC59 /* Sources */,
				1B5CB9A425B35A810009CC59 /* Frameworks */,
				1B5CB9A525B35A810009CC59 /* Resources */,
			);
			buildRules = (
			);
			dependencies = (
			);
			name = "xLights Tools";
			productName = "xLights Companion Pro";
			productReference = 1B5CB9A725B35A810009CC59 /* xLights Tools.app */;
			productType = "com.apple.product-type.application";
		};
		E1FE76922635E80E002BD3CA /* xLightsToolsTests */ = {
			isa = PBXNativeTarget;
			buildConfigurationList = E1FE769A2635E80E002BD3CA /* Build configuration list for PBXNativeTarget "xLightsToolsTests" */;
			buildPhases = (
				E1FE768F2635E80E002BD3CA /* Sources */,
				E1FE76902635E80E002BD3CA /* Frameworks */,
				E1FE76912635E80E002BD3CA /* Resources */,
			);
			buildRules = (
			);
			dependencies = (
				E1FE76992635E80E002BD3CA /* PBXTargetDependency */,
			);
			name = xLightsToolsTests;
			productName = xLightsToolsTests;
			productReference = E1FE76932635E80E002BD3CA /* xLightsToolsTests.xctest */;
			productType = "com.apple.product-type.bundle.unit-test";
		};
/* End PBXNativeTarget section */

/* Begin PBXProject section */
		1B5CB99F25B35A810009CC59 /* Project object */ = {
			isa = PBXProject;
			attributes = {
				LastSwiftUpdateCheck = 1240;
				LastUpgradeCheck = 1230;
				TargetAttributes = {
					1B5CB9A625B35A810009CC59 = {
						CreatedOnToolsVersion = 12.3;
					};
					E1FE76922635E80E002BD3CA = {
						CreatedOnToolsVersion = 12.4;
						TestTargetID = 1B5CB9A625B35A810009CC59;
					};
				};
			};
			buildConfigurationList = 1B5CB9A225B35A810009CC59 /* Build configuration list for PBXProject "xLights Tools" */;
			compatibilityVersion = "Xcode 12.0";
			developmentRegion = en;
			hasScannedForEncodings = 0;
			knownRegions = (
				en,
				Base,
			);
			mainGroup = 1B5CB99E25B35A810009CC59;
			productRefGroup = 1B5CB9A825B35A810009CC59 /* Products */;
			projectDirPath = "";
			projectRoot = "";
			targets = (
				1B5CB9A625B35A810009CC59 /* xLights Tools */,
				E1FE76922635E80E002BD3CA /* xLightsToolsTests */,
			);
		};
/* End PBXProject section */

/* Begin PBXResourcesBuildPhase section */
		1B5CB9A525B35A810009CC59 /* Resources */ = {
			isa = PBXResourcesBuildPhase;
			buildActionMask = 2147483647;
			files = (
				1B5CB9B225B35A870009CC59 /* Preview Assets.xcassets in Resources */,
				1BFEEB3A262A6C1400F13CB8 /* Square Border.usdz in Resources */,
				1BFEEB3B262A6C1400F13CB8 /* Mini Tree.usdz in Resources */,
				1BFEEB3F262A6C1400F13CB8 /* Matrix.usdz in Resources */,
				1BFEEB3E262A6C1400F13CB8 /* Pipe.usdz in Resources */,
				1B5CB9AF25B35A870009CC59 /* Assets.xcassets in Resources */,
				1BFEEB46262A6C1400F13CB8 /* Circle Border.usdz in Resources */,
				1BFEEB3D262A6C1400F13CB8 /* Star.usdz in Resources */,
				1BFEEB45262A6C1400F13CB8 /* Snow Flake.usdz in Resources */,
				1BFEEB44262A6C1400F13CB8 /* Arch.usdz in Resources */,
				1BFEEB42262A6C1400F13CB8 /* Spiral Tree.usdz in Resources */,
				1BFEEB43262A6C1400F13CB8 /* Candy Cane.usdz in Resources */,
				1BFEEB3C262A6C1400F13CB8 /* Sphere.usdz in Resources */,
				1BD7C4B02622BADB00D97D95 /* Settings.bundle in Resources */,
				1BFEEB40262A6C1400F13CB8 /* Present.usdz in Resources */,
				1BFEEB41262A6C1400F13CB8 /* Mega Tree.usdz in Resources */,
			);
			runOnlyForDeploymentPostprocessing = 0;
		};
		E1FE76912635E80E002BD3CA /* Resources */ = {
			isa = PBXResourcesBuildPhase;
			buildActionMask = 2147483647;
			files = (
			);
			runOnlyForDeploymentPostprocessing = 0;
		};
/* End PBXResourcesBuildPhase section */

/* Begin PBXSourcesBuildPhase section */
		1B5CB9A325B35A810009CC59 /* Sources */ = {
			isa = PBXSourcesBuildPhase;
			buildActionMask = 2147483647;
			files = (
				E10827A0262A35E100BB9D82 /* PropCell.swift in Sources */,
				1BFEEB172627706400F13CB8 /* HomeFeatureView.swift in Sources */,
				1B5CB9AB25B35A810009CC59 /* XLightsToolsApp.swift in Sources */,
				E10827A5262A3CED00BB9D82 /* OutletDataSource.swift in Sources */,
				1BF80FAF25E75BF200EB41CD /* DoubleInputRow.swift in Sources */,
				1B89581425FC16410090FDED /* RelatedWebsite.swift in Sources */,
				1BC2702B25C668650034761E /* SearchView.swift in Sources */,
				1B0E3CF726058CBC00FBAAC0 /* MyARView.swift in Sources */,
				1BF80FB225E75C1E00EB41CD /* IntegerInputRow.swift in Sources */,
				E1534EA726013A00004E63C6 /* Port.swift in Sources */,
				1B89581725FC16CE0090FDED /* PropModel.swift in Sources */,
				E1F3355E25F148E600B64478 /* ResultRow.swift in Sources */,
				E1534EAA26013B2C004E63C6 /* OrganizerProp.swift in Sources */,
				E10B3D29260142C9000CD525 /* PropEditView.swift in Sources */,
				E1F3355825EEB7B500B64478 /* MixedLengthResultRow.swift in Sources */,
				1B62573725CE0B09003528FD /* PowerCalculator.swift in Sources */,
				1BC2702E25C6687C0034761E /* ARPropsBrowser.swift in Sources */,
				1BC2702825C668560034761E /* HomeView.swift in Sources */,
				1B7F2CE625CA6A770005813E /* TreeLightsCalculator.swift in Sources */,
				1B7F2CE925CA6A8F0005813E /* PropOrganizer.swift in Sources */,
				1BC2703125C668910034761E /* ToolsView.swift in Sources */,
				1BF80FAC25E5EA9D00EB41CD /* ARPropView.swift in Sources */,
			);
			runOnlyForDeploymentPostprocessing = 0;
		};
		E1FE768F2635E80E002BD3CA /* Sources */ = {
			isa = PBXSourcesBuildPhase;
			buildActionMask = 2147483647;
			files = (
				E1FE76A02635E8D7002BD3CA /* xLightsTests.swift in Sources */,
			);
			runOnlyForDeploymentPostprocessing = 0;
		};
/* End PBXSourcesBuildPhase section */

/* Begin PBXTargetDependency section */
		E1FE76992635E80E002BD3CA /* PBXTargetDependency */ = {
			isa = PBXTargetDependency;
			target = 1B5CB9A625B35A810009CC59 /* xLights Tools */;
			targetProxy = E1FE76982635E80E002BD3CA /* PBXContainerItemProxy */;
		};
/* End PBXTargetDependency section */

/* Begin XCBuildConfiguration section */
		1B5CB9B425B35A870009CC59 /* Debug */ = {
			isa = XCBuildConfiguration;
			buildSettings = {
				ALWAYS_SEARCH_USER_PATHS = NO;
				CLANG_ANALYZER_NONNULL = YES;
				CLANG_ANALYZER_NUMBER_OBJECT_CONVERSION = YES_AGGRESSIVE;
				CLANG_CXX_LANGUAGE_STANDARD = "gnu++14";
				CLANG_CXX_LIBRARY = "libc++";
				CLANG_ENABLE_MODULES = YES;
				CLANG_ENABLE_OBJC_ARC = YES;
				CLANG_ENABLE_OBJC_WEAK = YES;
				CLANG_WARN_BLOCK_CAPTURE_AUTORELEASING = YES;
				CLANG_WARN_BOOL_CONVERSION = YES;
				CLANG_WARN_COMMA = YES;
				CLANG_WARN_CONSTANT_CONVERSION = YES;
				CLANG_WARN_DEPRECATED_OBJC_IMPLEMENTATIONS = YES;
				CLANG_WARN_DIRECT_OBJC_ISA_USAGE = YES_ERROR;
				CLANG_WARN_DOCUMENTATION_COMMENTS = YES;
				CLANG_WARN_EMPTY_BODY = YES;
				CLANG_WARN_ENUM_CONVERSION = YES;
				CLANG_WARN_INFINITE_RECURSION = YES;
				CLANG_WARN_INT_CONVERSION = YES;
				CLANG_WARN_NON_LITERAL_NULL_CONVERSION = YES;
				CLANG_WARN_OBJC_IMPLICIT_RETAIN_SELF = YES;
				CLANG_WARN_OBJC_LITERAL_CONVERSION = YES;
				CLANG_WARN_OBJC_ROOT_CLASS = YES_ERROR;
				CLANG_WARN_QUOTED_INCLUDE_IN_FRAMEWORK_HEADER = YES;
				CLANG_WARN_RANGE_LOOP_ANALYSIS = YES;
				CLANG_WARN_STRICT_PROTOTYPES = YES;
				CLANG_WARN_SUSPICIOUS_MOVE = YES;
				CLANG_WARN_UNGUARDED_AVAILABILITY = YES_AGGRESSIVE;
				CLANG_WARN_UNREACHABLE_CODE = YES;
				CLANG_WARN__DUPLICATE_METHOD_MATCH = YES;
				COPY_PHASE_STRIP = NO;
				DEBUG_INFORMATION_FORMAT = dwarf;
				ENABLE_STRICT_OBJC_MSGSEND = YES;
				ENABLE_TESTABILITY = YES;
				GCC_C_LANGUAGE_STANDARD = gnu11;
				GCC_DYNAMIC_NO_PIC = NO;
				GCC_NO_COMMON_BLOCKS = YES;
				GCC_OPTIMIZATION_LEVEL = 0;
				GCC_PREPROCESSOR_DEFINITIONS = (
					"DEBUG=1",
					"$(inherited)",
				);
				GCC_WARN_64_TO_32_BIT_CONVERSION = YES;
				GCC_WARN_ABOUT_RETURN_TYPE = YES_ERROR;
				GCC_WARN_UNDECLARED_SELECTOR = YES;
				GCC_WARN_UNINITIALIZED_AUTOS = YES_AGGRESSIVE;
				GCC_WARN_UNUSED_FUNCTION = YES;
				GCC_WARN_UNUSED_VARIABLE = YES;
				IPHONEOS_DEPLOYMENT_TARGET = 14.3;
				MTL_ENABLE_DEBUG_INFO = INCLUDE_SOURCE;
				MTL_FAST_MATH = YES;
				ONLY_ACTIVE_ARCH = YES;
				SDKROOT = iphoneos;
				SWIFT_ACTIVE_COMPILATION_CONDITIONS = DEBUG;
				SWIFT_OPTIMIZATION_LEVEL = "-Onone";
			};
			name = Debug;
		};
		1B5CB9B525B35A870009CC59 /* Release */ = {
			isa = XCBuildConfiguration;
			buildSettings = {
				ALWAYS_SEARCH_USER_PATHS = NO;
				CLANG_ANALYZER_NONNULL = YES;
				CLANG_ANALYZER_NUMBER_OBJECT_CONVERSION = YES_AGGRESSIVE;
				CLANG_CXX_LANGUAGE_STANDARD = "gnu++14";
				CLANG_CXX_LIBRARY = "libc++";
				CLANG_ENABLE_MODULES = YES;
				CLANG_ENABLE_OBJC_ARC = YES;
				CLANG_ENABLE_OBJC_WEAK = YES;
				CLANG_WARN_BLOCK_CAPTURE_AUTORELEASING = YES;
				CLANG_WARN_BOOL_CONVERSION = YES;
				CLANG_WARN_COMMA = YES;
				CLANG_WARN_CONSTANT_CONVERSION = YES;
				CLANG_WARN_DEPRECATED_OBJC_IMPLEMENTATIONS = YES;
				CLANG_WARN_DIRECT_OBJC_ISA_USAGE = YES_ERROR;
				CLANG_WARN_DOCUMENTATION_COMMENTS = YES;
				CLANG_WARN_EMPTY_BODY = YES;
				CLANG_WARN_ENUM_CONVERSION = YES;
				CLANG_WARN_INFINITE_RECURSION = YES;
				CLANG_WARN_INT_CONVERSION = YES;
				CLANG_WARN_NON_LITERAL_NULL_CONVERSION = YES;
				CLANG_WARN_OBJC_IMPLICIT_RETAIN_SELF = YES;
				CLANG_WARN_OBJC_LITERAL_CONVERSION = YES;
				CLANG_WARN_OBJC_ROOT_CLASS = YES_ERROR;
				CLANG_WARN_QUOTED_INCLUDE_IN_FRAMEWORK_HEADER = YES;
				CLANG_WARN_RANGE_LOOP_ANALYSIS = YES;
				CLANG_WARN_STRICT_PROTOTYPES = YES;
				CLANG_WARN_SUSPICIOUS_MOVE = YES;
				CLANG_WARN_UNGUARDED_AVAILABILITY = YES_AGGRESSIVE;
				CLANG_WARN_UNREACHABLE_CODE = YES;
				CLANG_WARN__DUPLICATE_METHOD_MATCH = YES;
				COPY_PHASE_STRIP = NO;
				DEBUG_INFORMATION_FORMAT = "dwarf-with-dsym";
				ENABLE_NS_ASSERTIONS = NO;
				ENABLE_STRICT_OBJC_MSGSEND = YES;
				GCC_C_LANGUAGE_STANDARD = gnu11;
				GCC_NO_COMMON_BLOCKS = YES;
				GCC_WARN_64_TO_32_BIT_CONVERSION = YES;
				GCC_WARN_ABOUT_RETURN_TYPE = YES_ERROR;
				GCC_WARN_UNDECLARED_SELECTOR = YES;
				GCC_WARN_UNINITIALIZED_AUTOS = YES_AGGRESSIVE;
				GCC_WARN_UNUSED_FUNCTION = YES;
				GCC_WARN_UNUSED_VARIABLE = YES;
				IPHONEOS_DEPLOYMENT_TARGET = 14.3;
				MTL_ENABLE_DEBUG_INFO = NO;
				MTL_FAST_MATH = YES;
				SDKROOT = iphoneos;
				SWIFT_COMPILATION_MODE = wholemodule;
				SWIFT_OPTIMIZATION_LEVEL = "-O";
				VALIDATE_PRODUCT = YES;
			};
			name = Release;
		};
		1B5CB9B725B35A870009CC59 /* Debug */ = {
			isa = XCBuildConfiguration;
			buildSettings = {
				ASSETCATALOG_COMPILER_APPICON_NAME = AppIcon;
				ASSETCATALOG_COMPILER_GLOBAL_ACCENT_COLOR_NAME = AccentColor;
				CODE_SIGN_ENTITLEMENTS = "xLights Tools/xLights Tools.entitlements";
				CODE_SIGN_STYLE = Automatic;
				DEVELOPMENT_ASSET_PATHS = "";
				DEVELOPMENT_TEAM = 67HDD4RTGM;
				ENABLE_PREVIEWS = YES;
				INFOPLIST_FILE = "$(SRCROOT)/xLights Tools/Info.plist";
				IPHONEOS_DEPLOYMENT_TARGET = 14.0;
				LD_RUNPATH_SEARCH_PATHS = (
					"$(inherited)",
					"@executable_path/Frameworks",
				);
				PRODUCT_BUNDLE_IDENTIFIER = com.jaydenirwin.xlightstools2;
				PRODUCT_NAME = "$(TARGET_NAME)";
				SUPPORTS_MACCATALYST = YES;
				SWIFT_VERSION = 5.0;
				TARGETED_DEVICE_FAMILY = "1,2";
			};
			name = Debug;
		};
		1B5CB9B825B35A870009CC59 /* Release */ = {
			isa = XCBuildConfiguration;
			buildSettings = {
				ASSETCATALOG_COMPILER_APPICON_NAME = AppIcon;
				ASSETCATALOG_COMPILER_GLOBAL_ACCENT_COLOR_NAME = AccentColor;
				CODE_SIGN_ENTITLEMENTS = "xLights Tools/xLights Tools.entitlements";
				CODE_SIGN_STYLE = Automatic;
				DEVELOPMENT_ASSET_PATHS = "";
				DEVELOPMENT_TEAM = 67HDD4RTGM;
				ENABLE_PREVIEWS = YES;
				INFOPLIST_FILE = "$(SRCROOT)/xLights Tools/Info.plist";
				IPHONEOS_DEPLOYMENT_TARGET = 14.0;
				LD_RUNPATH_SEARCH_PATHS = (
					"$(inherited)",
					"@executable_path/Frameworks",
				);
				PRODUCT_BUNDLE_IDENTIFIER = com.jaydenirwin.xlightstools2;
				PRODUCT_NAME = "$(TARGET_NAME)";
				SUPPORTS_MACCATALYST = YES;
				SWIFT_VERSION = 5.0;
				TARGETED_DEVICE_FAMILY = "1,2";
			};
			name = Release;
		};
		E1FE769B2635E80E002BD3CA /* Debug */ = {
			isa = XCBuildConfiguration;
			buildSettings = {
				BUNDLE_LOADER = "$(TEST_HOST)";
				CODE_SIGN_STYLE = Automatic;
				DEVELOPMENT_TEAM = 67HDD4RTGM;
				INFOPLIST_FILE = xLightsToolsTests/Info.plist;
				IPHONEOS_DEPLOYMENT_TARGET = 14.4;
				LD_RUNPATH_SEARCH_PATHS = (
					"$(inherited)",
					"@executable_path/Frameworks",
					"@loader_path/Frameworks",
				);
				PRODUCT_BUNDLE_IDENTIFIER = ca.nicklong.xLightsToolsTests;
				PRODUCT_NAME = "$(TARGET_NAME)";
				SWIFT_VERSION = 5.0;
				TARGETED_DEVICE_FAMILY = "1,2";
				TEST_HOST = "$(BUILT_PRODUCTS_DIR)/xLights Tools.app/xLights Tools";
			};
			name = Debug;
		};
		E1FE769C2635E80E002BD3CA /* Release */ = {
			isa = XCBuildConfiguration;
			buildSettings = {
				BUNDLE_LOADER = "$(TEST_HOST)";
				CODE_SIGN_STYLE = Automatic;
				DEVELOPMENT_TEAM = 67HDD4RTGM;
				INFOPLIST_FILE = xLightsToolsTests/Info.plist;
				IPHONEOS_DEPLOYMENT_TARGET = 14.4;
				LD_RUNPATH_SEARCH_PATHS = (
					"$(inherited)",
					"@executable_path/Frameworks",
					"@loader_path/Frameworks",
				);
				PRODUCT_BUNDLE_IDENTIFIER = ca.nicklong.xLightsToolsTests;
				PRODUCT_NAME = "$(TARGET_NAME)";
				SWIFT_VERSION = 5.0;
				TARGETED_DEVICE_FAMILY = "1,2";
				TEST_HOST = "$(BUILT_PRODUCTS_DIR)/xLights Tools.app/xLights Tools";
			};
			name = Release;
		};
/* End XCBuildConfiguration section */

/* Begin XCConfigurationList section */
		1B5CB9A225B35A810009CC59 /* Build configuration list for PBXProject "xLights Tools" */ = {
			isa = XCConfigurationList;
			buildConfigurations = (
				1B5CB9B425B35A870009CC59 /* Debug */,
				1B5CB9B525B35A870009CC59 /* Release */,
			);
			defaultConfigurationIsVisible = 0;
			defaultConfigurationName = Release;
		};
		1B5CB9B625B35A870009CC59 /* Build configuration list for PBXNativeTarget "xLights Tools" */ = {
			isa = XCConfigurationList;
			buildConfigurations = (
				1B5CB9B725B35A870009CC59 /* Debug */,
				1B5CB9B825B35A870009CC59 /* Release */,
			);
			defaultConfigurationIsVisible = 0;
			defaultConfigurationName = Release;
		};
		E1FE769A2635E80E002BD3CA /* Build configuration list for PBXNativeTarget "xLightsToolsTests" */ = {
			isa = XCConfigurationList;
			buildConfigurations = (
				E1FE769B2635E80E002BD3CA /* Debug */,
				E1FE769C2635E80E002BD3CA /* Release */,
			);
			defaultConfigurationIsVisible = 0;
			defaultConfigurationName = Release;
		};
/* End XCConfigurationList section */
	};
	rootObject = 1B5CB99F25B35A810009CC59 /* Project object */;
}
